
Microsoft Visual Studio Solution File, Format Version 12.00
# Visual Studio Version 17
VisualStudioVersion = 17.4.33213.308
MinimumVisualStudioVersion = 10.0.40219.1
Project("{FAE04EC0-301F-11D3-BF4B-00C04F79EFBC}") = "LoanCalculatorApp", "LoanCalculatorApp\LoanCalculatorApp.csproj", "{36C9B80A-6A42-44CB-8E9C-34684CE6732E}"
EndProject
Global
	GlobalSection(SolutionConfigurationPlatforms) = preSolution
		Debug|Any CPU = Debug|Any CPU
		Release|Any CPU = Release|Any CPU
	EndGlobalSection
	GlobalSection(ProjectConfigurationPlatforms) = postSolution
		{36C9B80A-6A42-44CB-8E9C-34684CE6732E}.Debug|Any CPU.ActiveCfg = Debug|Any CPU
		{36C9B80A-6A42-44CB-8E9C-34684CE6732E}.Debug|Any CPU.Build.0 = Debug|Any CPU
		{36C9B80A-6A42-44CB-8E9C-34684CE6732E}.Release|Any CPU.ActiveCfg = Release|Any CPU
		{36C9B80A-6A42-44CB-8E9C-34684CE6732E}.Release|Any CPU.Build.0 = Release|Any CPU
	EndGlobalSection
	GlobalSection(SolutionProperties) = preSolution
		HideSolutionNode = FALSE
	EndGlobalSection
	GlobalSection(ExtensibilityGlobals) = postSolution
		SolutionGuid = {E566F9C2-0EA7-4A60-B1A5-4E0797DAFD5D}
	EndGlobalSection
EndGlobal
